
Microsoft Visual Studio Solution File, Format Version 12.00
# Visual Studio 2017
Project("{FAE04EC0-301F-11D3-BF4B-00C04F79EFBC}") = "Royal Game Of Ur", "Royal Game Of Ur.csproj", "{44C1B5A8-2635-B21B-873B-3048DDC68988}"
EndProject
Global
	GlobalSection(SolutionConfigurationPlatforms) = preSolution
		Debug|Any CPU = Debug|Any CPU
		Release|Any CPU = Release|Any CPU
	EndGlobalSection
	GlobalSection(ProjectConfigurationPlatforms) = postSolution
		{44C1B5A8-2635-B21B-873B-3048DDC68988}.Debug|Any CPU.ActiveCfg = Debug|Any CPU
		{44C1B5A8-2635-B21B-873B-3048DDC68988}.Debug|Any CPU.Build.0 = Debug|Any CPU
		{44C1B5A8-2635-B21B-873B-3048DDC68988}.Release|Any CPU.ActiveCfg = Release|Any CPU
		{44C1B5A8-2635-B21B-873B-3048DDC68988}.Release|Any CPU.Build.0 = Release|Any CPU
	EndGlobalSection
	GlobalSection(SolutionProperties) = preSolution
		HideSolutionNode = FALSE
	EndGlobalSection
EndGlobal
